{
    "_meta": {
        "hash": {
            "sha256": "7c813b31f5b9486b4ff3930187d98a1a35aabd056714691c602bf28c9461d71e"
        },
        "pipfile-spec": 6,
        "requires": {
            "python_version": "3.6"
        },
        "sources": [
            {
                "name": "pypi",
                "url": "https://pypi.org/simple",
                "verify_ssl": true
            }
        ]
    },
    "default": {
        "django": {
            "hashes": [
                "sha256:009ddda445c5750c1a8392979fbd28f3e55de6e43310cd316199837065dff559",
                "sha256:33f781f17f145f79ee8e0b8d753498e0e0188f0b53b2accad4045d623422d5e1"
            ],
            "index": "pypi",
            "version": "==1.7"
        }
    },
    "develop": {}
}
